
Microsoft Visual Studio Solution File, Format Version 12.00
# Visual Studio 15
VisualStudioVersion = 15.0.26228.10
MinimumVisualStudioVersion = 10.0.40219.1
Project("{FAE04EC0-301F-11D3-BF4B-00C04F79EFBC}") = "CustomerDemo without Hypermedia", "CustomerDemo without Hypermedia\CustomerDemo without Hypermedia.csproj", "{1FF5A56D-21A2-43EB-8B65-6F36639CEB7E}"
EndProject
Global
	GlobalSection(SolutionConfigurationPlatforms) = preSolution
		Debug|Any CPU = Debug|Any CPU
		Release|Any CPU = Release|Any CPU
	EndGlobalSection
	GlobalSection(ProjectConfigurationPlatforms) = postSolution
		{1FF5A56D-21A2-43EB-8B65-6F36639CEB7E}.Debug|Any CPU.ActiveCfg = Debug|Any CPU
		{1FF5A56D-21A2-43EB-8B65-6F36639CEB7E}.Debug|Any CPU.Build.0 = Debug|Any CPU
		{1FF5A56D-21A2-43EB-8B65-6F36639CEB7E}.Release|Any CPU.ActiveCfg = Release|Any CPU
		{1FF5A56D-21A2-43EB-8B65-6F36639CEB7E}.Release|Any CPU.Build.0 = Release|Any CPU
	EndGlobalSection
	GlobalSection(SolutionProperties) = preSolution
		HideSolutionNode = FALSE
	EndGlobalSection
	GlobalSection(ExtensibilityGlobals) = postSolution
		SolutionGuid = {C29281BF-34F5-4D15-86E9-7112DD5A190C}
	EndGlobalSection
EndGlobal
